{
  "name": "mealwise",
  "version": "0.1.0",
  "lockfileVersion": 3,
  "requires": true,
  "packages": {
    "": {
      "name": "mealwise",
      "version": "0.1.0",
      "dependencies": {
        "next": "16.0.0",
        "react": "19.2.0",
        "react-dom": "19.2.0"
      },
      "devDependencies": {
        "@types/node": "24.3.0",
        "@types/react": "19.2.2",
        "@types/react-dom": "19.2.2",
        "eslint": "9.34.0",
        "eslint-config-next": "16.0.0",
        "prettier": "3.6.2",
        "tailwindcss": "4.1.12",
        "typescript": "5.9.2"
      }
    },
    "node_modules/@types/node": {
      "version": "24.3.0"
    },
    "node_modules/@types/react": {
      "version": "19.2.2"
    },
    "node_modules/@types/react-dom": {
      "version": "19.2.2"
    },
    "node_modules/eslint": {
      "version": "9.34.0"
    },
    "node_modules/eslint-config-next": {
      "version": "16.0.0"
    },
    "node_modules/next": {
      "version": "16.0.0"
    },
    "node_modules/prettier": {
      "version": "3.6.2"
    },
    "node_modules/react": {
      "version": "19.2.0"
    },
    "node_modules/react-dom": {
      "version": "19.2.0"
    },
    "node_modules/tailwindcss": {
      "version": "4.1.12"
    },
    "node_modules/typescript": {
      "version": "5.9.2"
    }
  }
}
